
Microsoft Visual Studio Solution File, Format Version 12.00
# Visual Studio Version 17
VisualStudioVersion = 17.0.32126.317
MinimumVisualStudioVersion = 10.0.40219.1
Project("{FAE04EC0-301F-11D3-BF4B-00C04F79EFBC}") = "AWeatherAPI", "AWeatherAPI\AWeatherAPI.csproj", "{92AEECB5-4781-49BD-AF73-964344D7194A}"
EndProject
Global
	GlobalSection(SolutionConfigurationPlatforms) = preSolution
		Debug|Any CPU = Debug|Any CPU
		Release|Any CPU = Release|Any CPU
	EndGlobalSection
	GlobalSection(ProjectConfigurationPlatforms) = postSolution
		{92AEECB5-4781-49BD-AF73-964344D7194A}.Debug|Any CPU.ActiveCfg = Debug|Any CPU
		{92AEECB5-4781-49BD-AF73-964344D7194A}.Debug|Any CPU.Build.0 = Debug|Any CPU
		{92AEECB5-4781-49BD-AF73-964344D7194A}.Release|Any CPU.ActiveCfg = Release|Any CPU
		{92AEECB5-4781-49BD-AF73-964344D7194A}.Release|Any CPU.Build.0 = Release|Any CPU
	EndGlobalSection
	GlobalSection(SolutionProperties) = preSolution
		HideSolutionNode = FALSE
	EndGlobalSection
	GlobalSection(ExtensibilityGlobals) = postSolution
		SolutionGuid = {59C9F497-73F4-44F9-A417-BC635F8DAE9F}
	EndGlobalSection
EndGlobal
